
Microsoft Visual Studio Solution File, Format Version 12.00
# Visual Studio Version 17
VisualStudioVersion = 17.11.35312.102
MinimumVisualStudioVersion = 10.0.40219.1
Project("{FAE04EC0-301F-11D3-BF4B-00C04F79EFBC}") = "PointOfSales", "PointOfSales\PointOfSales.csproj", "{99D89DA0-9B7D-4AFC-A09D-F84E67F5E18D}"
EndProject
Global
	GlobalSection(SolutionConfigurationPlatforms) = preSolution
		Debug|Any CPU = Debug|Any CPU
		Release|Any CPU = Release|Any CPU
	EndGlobalSection
	GlobalSection(ProjectConfigurationPlatforms) = postSolution
		{99D89DA0-9B7D-4AFC-A09D-F84E67F5E18D}.Debug|Any CPU.ActiveCfg = Debug|Any CPU
		{99D89DA0-9B7D-4AFC-A09D-F84E67F5E18D}.Debug|Any CPU.Build.0 = Debug|Any CPU
		{99D89DA0-9B7D-4AFC-A09D-F84E67F5E18D}.Release|Any CPU.ActiveCfg = Release|Any CPU
		{99D89DA0-9B7D-4AFC-A09D-F84E67F5E18D}.Release|Any CPU.Build.0 = Release|Any CPU
	EndGlobalSection
	GlobalSection(SolutionProperties) = preSolution
		HideSolutionNode = FALSE
	EndGlobalSection
	GlobalSection(ExtensibilityGlobals) = postSolution
		SolutionGuid = {A9ABE9E3-70E9-40F4-A947-E5E6A7941E14}
	EndGlobalSection
EndGlobal
